<?xml version="1.0" encoding="UTF-8"?>
<Scheme
   version = "1.3">
   <BuildAction>
      <BuildActionEntries>
         <BuildActionEntry
            buildForRunning = "YES">
            <BuildableReference
               BuildableIdentifier = "primary"
               BlueprintIdentifier = "9E50E70629092CC70077C30F"
               BuildableName = "WhatsAppLink.app"
               BlueprintName = "WhatsAppLink"
               ReferencedContainer = "container:WhatsAppLink.xcodeproj">
            </BuildableReference>
         </BuildActionEntry>
      </BuildActionEntries>
   </BuildAction>
   <LaunchAction
      useCustomWorkingDirectory = "NO"
      buildConfiguration = "Debug"
      allowLocationSimulation = "YES">
      <BuildableProductRunnable>
         <BuildableReference
            BuildableIdentifier = "primary"
            BlueprintIdentifier = "9E50E70629092CC70077C30F"
            BuildableName = "WhatsAppLink.app"
            BlueprintName = "WhatsAppLink"
            ReferencedContainer = "container:WhatsAppLink.xcodeproj">
         </BuildableReference>
      </BuildableProductRunnable>
   </LaunchAction>
</Scheme>
